
Microsoft Visual Studio Solution File, Format Version 12.00
# Visual Studio 14
VisualStudioVersion = 14.0.23107.0
MinimumVisualStudioVersion = 10.0.40219.1
Project("{FAE04EC0-301F-11D3-BF4B-00C04F79EFBC}") = "aspnet.mvc", "aspnet.mvc\aspnet.mvc.csproj", "{F30A46FE-0492-42B9-A27E-FD2FE5172FAC}"
EndProject
Global
	GlobalSection(SolutionConfigurationPlatforms) = preSolution
		Debug|Any CPU = Debug|Any CPU
		Release|Any CPU = Release|Any CPU
	EndGlobalSection
	GlobalSection(ProjectConfigurationPlatforms) = postSolution
		{F30A46FE-0492-42B9-A27E-FD2FE5172FAC}.Debug|Any CPU.ActiveCfg = Debug|Any CPU
		{F30A46FE-0492-42B9-A27E-FD2FE5172FAC}.Debug|Any CPU.Build.0 = Debug|Any CPU
		{F30A46FE-0492-42B9-A27E-FD2FE5172FAC}.Release|Any CPU.ActiveCfg = Release|Any CPU
		{F30A46FE-0492-42B9-A27E-FD2FE5172FAC}.Release|Any CPU.Build.0 = Release|Any CPU
	EndGlobalSection
	GlobalSection(SolutionProperties) = preSolution
		HideSolutionNode = FALSE
	EndGlobalSection
EndGlobal
